
Microsoft Visual Studio Solution File, Format Version 12.00
# Visual Studio 15
VisualStudioVersion = 15.0.27130.2010
MinimumVisualStudioVersion = 10.0.40219.1
Project("{FAE04EC0-301F-11D3-BF4B-00C04F79EFBC}") = "lab5", "lab5\lab5.csproj", "{20503D95-4ADD-4B14-87A6-3F7DCD6E7402}"
EndProject
Project("{FAE04EC0-301F-11D3-BF4B-00C04F79EFBC}") = "ClassLibrary_lab5", "ClassLibrary_lab5\ClassLibrary_lab5.csproj", "{E564BE63-213B-4CEA-A86F-C2F447828479}"
EndProject
Global
	GlobalSection(SolutionConfigurationPlatforms) = preSolution
		Debug|Any CPU = Debug|Any CPU
		Release|Any CPU = Release|Any CPU
	EndGlobalSection
	GlobalSection(ProjectConfigurationPlatforms) = postSolution
		{20503D95-4ADD-4B14-87A6-3F7DCD6E7402}.Debug|Any CPU.ActiveCfg = Debug|Any CPU
		{20503D95-4ADD-4B14-87A6-3F7DCD6E7402}.Debug|Any CPU.Build.0 = Debug|Any CPU
		{20503D95-4ADD-4B14-87A6-3F7DCD6E7402}.Release|Any CPU.ActiveCfg = Release|Any CPU
		{20503D95-4ADD-4B14-87A6-3F7DCD6E7402}.Release|Any CPU.Build.0 = Release|Any CPU
		{E564BE63-213B-4CEA-A86F-C2F447828479}.Debug|Any CPU.ActiveCfg = Debug|Any CPU
		{E564BE63-213B-4CEA-A86F-C2F447828479}.Debug|Any CPU.Build.0 = Debug|Any CPU
		{E564BE63-213B-4CEA-A86F-C2F447828479}.Release|Any CPU.ActiveCfg = Release|Any CPU
		{E564BE63-213B-4CEA-A86F-C2F447828479}.Release|Any CPU.Build.0 = Release|Any CPU
	EndGlobalSection
	GlobalSection(SolutionProperties) = preSolution
		HideSolutionNode = FALSE
	EndGlobalSection
	GlobalSection(ExtensibilityGlobals) = postSolution
		SolutionGuid = {EA2E3405-1741-41E9-A491-5990EC7EF354}
	EndGlobalSection
EndGlobal
